
Microsoft Visual Studio Solution File, Format Version 12.00
# Visual Studio Version 16
VisualStudioVersion = 16.0.30204.135
MinimumVisualStudioVersion = 10.0.40219.1
Project("{2150E333-8FDC-42A3-9474-1A3956D46DE8}") = "01 - Testes de Unidade", "01 - Testes de Unidade", "{47F49471-13E3-43DD-8832-22B9521CBCBF}"
EndProject
Project("{2150E333-8FDC-42A3-9474-1A3956D46DE8}") = "1.1 - Testes Basicos", "1.1 - Testes Basicos", "{CCB14F8B-40D1-46FB-9E53-80BDB98EC88A}"
EndProject
Project("{FAE04EC0-301F-11D3-BF4B-00C04F79EFBC}") = "Demo", "01 - Testes de Unidade\Demo\Demo.csproj", "{A7937A6C-FA85-4A12-B4DB-06F2EE1D221C}"
EndProject
Project("{FAE04EC0-301F-11D3-BF4B-00C04F79EFBC}") = "Demo.Tests", "01 - Testes de Unidade\Demo.Tests\Demo.Tests.csproj", "{4AB8B39C-6CEC-459C-A1F5-7861D129D23A}"
EndProject
Global
	GlobalSection(SolutionConfigurationPlatforms) = preSolution
		Debug|Any CPU = Debug|Any CPU
		Release|Any CPU = Release|Any CPU
	EndGlobalSection
	GlobalSection(ProjectConfigurationPlatforms) = postSolution
		{A7937A6C-FA85-4A12-B4DB-06F2EE1D221C}.Debug|Any CPU.ActiveCfg = Debug|Any CPU
		{A7937A6C-FA85-4A12-B4DB-06F2EE1D221C}.Debug|Any CPU.Build.0 = Debug|Any CPU
		{A7937A6C-FA85-4A12-B4DB-06F2EE1D221C}.Release|Any CPU.ActiveCfg = Release|Any CPU
		{A7937A6C-FA85-4A12-B4DB-06F2EE1D221C}.Release|Any CPU.Build.0 = Release|Any CPU
		{4AB8B39C-6CEC-459C-A1F5-7861D129D23A}.Debug|Any CPU.ActiveCfg = Debug|Any CPU
		{4AB8B39C-6CEC-459C-A1F5-7861D129D23A}.Debug|Any CPU.Build.0 = Debug|Any CPU
		{4AB8B39C-6CEC-459C-A1F5-7861D129D23A}.Release|Any CPU.ActiveCfg = Release|Any CPU
		{4AB8B39C-6CEC-459C-A1F5-7861D129D23A}.Release|Any CPU.Build.0 = Release|Any CPU
	EndGlobalSection
	GlobalSection(SolutionProperties) = preSolution
		HideSolutionNode = FALSE
	EndGlobalSection
	GlobalSection(NestedProjects) = preSolution
		{CCB14F8B-40D1-46FB-9E53-80BDB98EC88A} = {47F49471-13E3-43DD-8832-22B9521CBCBF}
		{A7937A6C-FA85-4A12-B4DB-06F2EE1D221C} = {CCB14F8B-40D1-46FB-9E53-80BDB98EC88A}
		{4AB8B39C-6CEC-459C-A1F5-7861D129D23A} = {CCB14F8B-40D1-46FB-9E53-80BDB98EC88A}
	EndGlobalSection
	GlobalSection(ExtensibilityGlobals) = postSolution
		SolutionGuid = {656BB401-C598-4B22-99B2-78EA01195465}
	EndGlobalSection
EndGlobal
